
Microsoft Visual Studio Solution File, Format Version 12.00
# Visual Studio Version 18
VisualStudioVersion = 18.6.11806.211 stable
MinimumVisualStudioVersion = 17.8.0.0
Project("{9A19103F-16F7-4668-BE54-9A1E7A4F7556}") = "ClaimManager.AppHost", "ClaimManager.AppHost\ClaimManager.AppHost.csproj", "{471EE851-DC17-4CF9-906C-DA6CECAB11D8}"
EndProject
Project("{2150E333-8FDC-42A3-9474-1A3956D46DE8}") = "src", "src", "{827E0CD3-B72D-47B6-A68D-7590B98EB39B}"
	ProjectSection(SolutionItems) = preProject
		Instruction.md = Instruction.md
	EndProjectSection
EndProject
Project("{FAE04EC0-301F-11D3-BF4B-00C04F79EFBC}") = "ClaimManager.Api", "src\ClaimManager.Api\ClaimManager.Api.csproj", "{F6F3B38B-7C28-4D84-A07F-35FF18125E24}"
EndProject
Project("{FAE04EC0-301F-11D3-BF4B-00C04F79EFBC}") = "ClaimManager.ServiceDefaults", "ClaimManager.ServiceDefaults\ClaimManager.ServiceDefaults.csproj", "{A460BF83-6C10-4A84-AFF2-3B9A290FF8CA}"
EndProject
Project("{FAE04EC0-301F-11D3-BF4B-00C04F79EFBC}") = "ClaimManager.Application", "src\ClaimManager.Application\ClaimManager.Application.csproj", "{128A4264-EEEF-4D43-A13D-4F32F77EFB11}"
EndProject
Project("{FAE04EC0-301F-11D3-BF4B-00C04F79EFBC}") = "ClaimManager.Infrastructure", "src\ClaimManager.Infrastructure\ClaimManager.Infrastructure.csproj", "{A26CBE35-6070-45F5-AEC1-4F5B7904C6A2}"
EndProject
Project("{FAE04EC0-301F-11D3-BF4B-00C04F79EFBC}") = "ClaimManager.Domain", "src\ClaimManager.Domain\ClaimManager.Domain.csproj", "{303D92E2-FF6F-4C85-BF2B-15E8A2AA7367}"
EndProject
Project("{54A90642-561A-4BB1-A94E-469ADEE60C69}") = "ClaimManager.Frontend", "src\ClaimManager.Frontend\ClaimManager.Frontend.esproj", "{870FD790-C0C9-4A66-B997-D37A9C040AA6}"
EndProject
Project("{2150E333-8FDC-42A3-9474-1A3956D46DE8}") = "tests", "tests", "{0AB3BF05-4346-4AA6-1389-037BE0695223}"
EndProject
Project("{FAE04EC0-301F-11D3-BF4B-00C04F79EFBC}") = "ClaimManager.Api.UnitTests", "tests\ClaimManager.Api.UnitTests\ClaimManager.Api.UnitTests.csproj", "{0B764009-569A-448E-A529-A28FDAAA5A9F}"
EndProject
Project("{FAE04EC0-301F-11D3-BF4B-00C04F79EFBC}") = "ClaimManager.Application.UnitTests", "tests\ClaimManager.Application.UnitTests\ClaimManager.Application.UnitTests.csproj", "{EB4B6F20-F798-4450-BDDD-A2B3C0CFE8B4}"
EndProject
Project("{FAE04EC0-301F-11D3-BF4B-00C04F79EFBC}") = "ClaimManager.Domain.UnitTests", "tests\ClaimManager.Domain.UnitTests\ClaimManager.Domain.UnitTests.csproj", "{7973455D-54F1-4294-AE58-DAC4819645EB}"
EndProject
Project("{FAE04EC0-301F-11D3-BF4B-00C04F79EFBC}") = "ClaimManager.Infrastructure.IntegrationTests", "tests\ClaimManager.Infrastructure.IntegrationTests\ClaimManager.Infrastructure.IntegrationTests.csproj", "{F3158201-8211-4073-830E-EF18E49A3F2F}"
EndProject
Project("{FAE04EC0-301F-11D3-BF4B-00C04F79EFBC}") = "ClaimManager.ArchitectureTests", "tests\ClaimManager.ArchitectureTests\ClaimManager.ArchitectureTests.csproj", "{11B15ED4-C6DC-4587-9EE7-17FE2CD8F78D}"
EndProject
Project("{FAE04EC0-301F-11D3-BF4B-00C04F79EFBC}") = "ClaimManager.Api.FunctionalTests", "tests\ClaimManager.Api.FunctionalTests\ClaimManager.Api.FunctionalTests.csproj", "{D49311A7-44A6-4797-BE9B-7E7DE3B2E96F}"
EndProject
Global
	GlobalSection(SolutionConfigurationPlatforms) = preSolution
		Debug|Any CPU = Debug|Any CPU
		Debug|x64 = Debug|x64
		Debug|x86 = Debug|x86
		Release|Any CPU = Release|Any CPU
		Release|x64 = Release|x64
		Release|x86 = Release|x86
	EndGlobalSection
	GlobalSection(ProjectConfigurationPlatforms) = postSolution
		{471EE851-DC17-4CF9-906C-DA6CECAB11D8}.Debug|Any CPU.ActiveCfg = Debug|Any CPU
		{471EE851-DC17-4CF9-906C-DA6CECAB11D8}.Debug|Any CPU.Build.0 = Debug|Any CPU
		{471EE851-DC17-4CF9-906C-DA6CECAB11D8}.Debug|x64.ActiveCfg = Debug|Any CPU
		{471EE851-DC17-4CF9-906C-DA6CECAB11D8}.Debug|x64.Build.0 = Debug|Any CPU
		{471EE851-DC17-4CF9-906C-DA6CECAB11D8}.Debug|x86.ActiveCfg = Debug|Any CPU
		{471EE851-DC17-4CF9-906C-DA6CECAB11D8}.Debug|x86.Build.0 = Debug|Any CPU
		{471EE851-DC17-4CF9-906C-DA6CECAB11D8}.Release|Any CPU.ActiveCfg = Release|Any CPU
		{471EE851-DC17-4CF9-906C-DA6CECAB11D8}.Release|Any CPU.Build.0 = Release|Any CPU
		{471EE851-DC17-4CF9-906C-DA6CECAB11D8}.Release|x64.ActiveCfg = Release|Any CPU
		{471EE851-DC17-4CF9-906C-DA6CECAB11D8}.Release|x64.Build.0 = Release|Any CPU
		{471EE851-DC17-4CF9-906C-DA6CECAB11D8}.Release|x86.ActiveCfg = Release|Any CPU
		{471EE851-DC17-4CF9-906C-DA6CECAB11D8}.Release|x86.Build.0 = Release|Any CPU
		{F6F3B38B-7C28-4D84-A07F-35FF18125E24}.Debug|Any CPU.ActiveCfg = Debug|Any CPU
		{F6F3B38B-7C28-4D84-A07F-35FF18125E24}.Debug|Any CPU.Build.0 = Debug|Any CPU
		{F6F3B38B-7C28-4D84-A07F-35FF18125E24}.Debug|x64.ActiveCfg = Debug|Any CPU
		{F6F3B38B-7C28-4D84-A07F-35FF18125E24}.Debug|x64.Build.0 = Debug|Any CPU
		{F6F3B38B-7C28-4D84-A07F-35FF18125E24}.Debug|x86.ActiveCfg = Debug|Any CPU
		{F6F3B38B-7C28-4D84-A07F-35FF18125E24}.Debug|x86.Build.0 = Debug|Any CPU
		{F6F3B38B-7C28-4D84-A07F-35FF18125E24}.Release|Any CPU.ActiveCfg = Release|Any CPU
		{F6F3B38B-7C28-4D84-A07F-35FF18125E24}.Release|Any CPU.Build.0 = Release|Any CPU
		{F6F3B38B-7C28-4D84-A07F-35FF18125E24}.Release|x64.ActiveCfg = Release|Any CPU
		{F6F3B38B-7C28-4D84-A07F-35FF18125E24}.Release|x64.Build.0 = Release|Any CPU
		{F6F3B38B-7C28-4D84-A07F-35FF18125E24}.Release|x86.ActiveCfg = Release|Any CPU
		{F6F3B38B-7C28-4D84-A07F-35FF18125E24}.Release|x86.Build.0 = Release|Any CPU
		{A460BF83-6C10-4A84-AFF2-3B9A290FF8CA}.Debug|Any CPU.ActiveCfg = Debug|Any CPU
		{A460BF83-6C10-4A84-AFF2-3B9A290FF8CA}.Debug|Any CPU.Build.0 = Debug|Any CPU
		{A460BF83-6C10-4A84-AFF2-3B9A290FF8CA}.Debug|x64.ActiveCfg = Debug|Any CPU
		{A460BF83-6C10-4A84-AFF2-3B9A290FF8CA}.Debug|x64.Build.0 = Debug|Any CPU
		{A460BF83-6C10-4A84-AFF2-3B9A290FF8CA}.Debug|x86.ActiveCfg = Debug|Any CPU
		{A460BF83-6C10-4A84-AFF2-3B9A290FF8CA}.Debug|x86.Build.0 = Debug|Any CPU
		{A460BF83-6C10-4A84-AFF2-3B9A290FF8CA}.Release|Any CPU.ActiveCfg = Release|Any CPU
		{A460BF83-6C10-4A84-AFF2-3B9A290FF8CA}.Release|Any CPU.Build.0 = Release|Any CPU
		{A460BF83-6C10-4A84-AFF2-3B9A290FF8CA}.Release|x64.ActiveCfg = Release|Any CPU
		{A460BF83-6C10-4A84-AFF2-3B9A290FF8CA}.Release|x64.Build.0 = Release|Any CPU
		{A460BF83-6C10-4A84-AFF2-3B9A290FF8CA}.Release|x86.ActiveCfg = Release|Any CPU
		{A460BF83-6C10-4A84-AFF2-3B9A290FF8CA}.Release|x86.Build.0 = Release|Any CPU
		{128A4264-EEEF-4D43-A13D-4F32F77EFB11}.Debug|Any CPU.ActiveCfg = Debug|Any CPU
		{128A4264-EEEF-4D43-A13D-4F32F77EFB11}.Debug|Any CPU.Build.0 = Debug|Any CPU
		{128A4264-EEEF-4D43-A13D-4F32F77EFB11}.Debug|x64.ActiveCfg = Debug|Any CPU
		{128A4264-EEEF-4D43-A13D-4F32F77EFB11}.Debug|x64.Build.0 = Debug|Any CPU
		{128A4264-EEEF-4D43-A13D-4F32F77EFB11}.Debug|x86.ActiveCfg = Debug|Any CPU
		{128A4264-EEEF-4D43-A13D-4F32F77EFB11}.Debug|x86.Build.0 = Debug|Any CPU
		{128A4264-EEEF-4D43-A13D-4F32F77EFB11}.Release|Any CPU.ActiveCfg = Release|Any CPU
		{128A4264-EEEF-4D43-A13D-4F32F77EFB11}.Release|Any CPU.Build.0 = Release|Any CPU
		{128A4264-EEEF-4D43-A13D-4F32F77EFB11}.Release|x64.ActiveCfg = Release|Any CPU
		{128A4264-EEEF-4D43-A13D-4F32F77EFB11}.Release|x64.Build.0 = Release|Any CPU
		{128A4264-EEEF-4D43-A13D-4F32F77EFB11}.Release|x86.ActiveCfg = Release|Any CPU
		{128A4264-EEEF-4D43-A13D-4F32F77EFB11}.Release|x86.Build.0 = Release|Any CPU
		{A26CBE35-6070-45F5-AEC1-4F5B7904C6A2}.Debug|Any CPU.ActiveCfg = Debug|Any CPU
		{A26CBE35-6070-45F5-AEC1-4F5B7904C6A2}.Debug|Any CPU.Build.0 = Debug|Any CPU
		{A26CBE35-6070-45F5-AEC1-4F5B7904C6A2}.Debug|x64.ActiveCfg = Debug|Any CPU
		{A26CBE35-6070-45F5-AEC1-4F5B7904C6A2}.Debug|x64.Build.0 = Debug|Any CPU
		{A26CBE35-6070-45F5-AEC1-4F5B7904C6A2}.Debug|x86.ActiveCfg = Debug|Any CPU
		{A26CBE35-6070-45F5-AEC1-4F5B7904C6A2}.Debug|x86.Build.0 = Debug|Any CPU
		{A26CBE35-6070-45F5-AEC1-4F5B7904C6A2}.Release|Any CPU.ActiveCfg = Release|Any CPU
		{A26CBE35-6070-45F5-AEC1-4F5B7904C6A2}.Release|Any CPU.Build.0 = Release|Any CPU
		{A26CBE35-6070-45F5-AEC1-4F5B7904C6A2}.Release|x64.ActiveCfg = Release|Any CPU
		{A26CBE35-6070-45F5-AEC1-4F5B7904C6A2}.Release|x64.Build.0 = Release|Any CPU
		{A26CBE35-6070-45F5-AEC1-4F5B7904C6A2}.Release|x86.ActiveCfg = Release|Any CPU
		{A26CBE35-6070-45F5-AEC1-4F5B7904C6A2}.Release|x86.Build.0 = Release|Any CPU
		{303D92E2-FF6F-4C85-BF2B-15E8A2AA7367}.Debug|Any CPU.ActiveCfg = Debug|Any CPU
		{303D92E2-FF6F-4C85-BF2B-15E8A2AA7367}.Debug|Any CPU.Build.0 = Debug|Any CPU
		{303D92E2-FF6F-4C85-BF2B-15E8A2AA7367}.Debug|x64.ActiveCfg = Debug|Any CPU
		{303D92E2-FF6F-4C85-BF2B-15E8A2AA7367}.Debug|x64.Build.0 = Debug|Any CPU
		{303D92E2-FF6F-4C85-BF2B-15E8A2AA7367}.Debug|x86.ActiveCfg = Debug|Any CPU
		{303D92E2-FF6F-4C85-BF2B-15E8A2AA7367}.Debug|x86.Build.0 = Debug|Any CPU
		{303D92E2-FF6F-4C85-BF2B-15E8A2AA7367}.Release|Any CPU.ActiveCfg = Release|Any CPU
		{303D92E2-FF6F-4C85-BF2B-15E8A2AA7367}.Release|Any CPU.Build.0 = Release|Any CPU
		{303D92E2-FF6F-4C85-BF2B-15E8A2AA7367}.Release|x64.ActiveCfg = Release|Any CPU
		{303D92E2-FF6F-4C85-BF2B-15E8A2AA7367}.Release|x64.Build.0 = Release|Any CPU
		{303D92E2-FF6F-4C85-BF2B-15E8A2AA7367}.Release|x86.ActiveCfg = Release|Any CPU
		{303D92E2-FF6F-4C85-BF2B-15E8A2AA7367}.Release|x86.Build.0 = Release|Any CPU
		{870FD790-C0C9-4A66-B997-D37A9C040AA6}.Debug|Any CPU.ActiveCfg = Debug|Any CPU
		{870FD790-C0C9-4A66-B997-D37A9C040AA6}.Debug|x64.ActiveCfg = Debug|Any CPU
		{870FD790-C0C9-4A66-B997-D37A9C040AA6}.Debug|x86.ActiveCfg = Debug|Any CPU
		{870FD790-C0C9-4A66-B997-D37A9C040AA6}.Release|Any CPU.ActiveCfg = Release|Any CPU
		{870FD790-C0C9-4A66-B997-D37A9C040AA6}.Release|x64.ActiveCfg = Release|Any CPU
		{870FD790-C0C9-4A66-B997-D37A9C040AA6}.Release|x86.ActiveCfg = Release|Any CPU
		{0B764009-569A-448E-A529-A28FDAAA5A9F}.Debug|Any CPU.ActiveCfg = Debug|Any CPU
		{0B764009-569A-448E-A529-A28FDAAA5A9F}.Debug|Any CPU.Build.0 = Debug|Any CPU
		{0B764009-569A-448E-A529-A28FDAAA5A9F}.Debug|x64.ActiveCfg = Debug|Any CPU
		{0B764009-569A-448E-A529-A28FDAAA5A9F}.Debug|x64.Build.0 = Debug|Any CPU
		{0B764009-569A-448E-A529-A28FDAAA5A9F}.Debug|x86.ActiveCfg = Debug|Any CPU
		{0B764009-569A-448E-A529-A28FDAAA5A9F}.Debug|x86.Build.0 = Debug|Any CPU
		{0B764009-569A-448E-A529-A28FDAAA5A9F}.Release|Any CPU.ActiveCfg = Release|Any CPU
		{0B764009-569A-448E-A529-A28FDAAA5A9F}.Release|Any CPU.Build.0 = Release|Any CPU
		{0B764009-569A-448E-A529-A28FDAAA5A9F}.Release|x64.ActiveCfg = Release|Any CPU
		{0B764009-569A-448E-A529-A28FDAAA5A9F}.Release|x64.Build.0 = Release|Any CPU
		{0B764009-569A-448E-A529-A28FDAAA5A9F}.Release|x86.ActiveCfg = Release|Any CPU
		{0B764009-569A-448E-A529-A28FDAAA5A9F}.Release|x86.Build.0 = Release|Any CPU
		{EB4B6F20-F798-4450-BDDD-A2B3C0CFE8B4}.Debug|Any CPU.ActiveCfg = Debug|Any CPU
		{EB4B6F20-F798-4450-BDDD-A2B3C0CFE8B4}.Debug|Any CPU.Build.0 = Debug|Any CPU
		{EB4B6F20-F798-4450-BDDD-A2B3C0CFE8B4}.Debug|x64.ActiveCfg = Debug|Any CPU
		{EB4B6F20-F798-4450-BDDD-A2B3C0CFE8B4}.Debug|x64.Build.0 = Debug|Any CPU
		{EB4B6F20-F798-4450-BDDD-A2B3C0CFE8B4}.Debug|x86.ActiveCfg = Debug|Any CPU
		{EB4B6F20-F798-4450-BDDD-A2B3C0CFE8B4}.Debug|x86.Build.0 = Debug|Any CPU
		{EB4B6F20-F798-4450-BDDD-A2B3C0CFE8B4}.Release|Any CPU.ActiveCfg = Release|Any CPU
		{EB4B6F20-F798-4450-BDDD-A2B3C0CFE8B4}.Release|Any CPU.Build.0 = Release|Any CPU
		{EB4B6F20-F798-4450-BDDD-A2B3C0CFE8B4}.Release|x64.ActiveCfg = Release|Any CPU
		{EB4B6F20-F798-4450-BDDD-A2B3C0CFE8B4}.Release|x64.Build.0 = Release|Any CPU
		{EB4B6F20-F798-4450-BDDD-A2B3C0CFE8B4}.Release|x86.ActiveCfg = Release|Any CPU
		{EB4B6F20-F798-4450-BDDD-A2B3C0CFE8B4}.Release|x86.Build.0 = Release|Any CPU
		{7973455D-54F1-4294-AE58-DAC4819645EB}.Debug|Any CPU.ActiveCfg = Debug|Any CPU
		{7973455D-54F1-4294-AE58-DAC4819645EB}.Debug|Any CPU.Build.0 = Debug|Any CPU
		{7973455D-54F1-4294-AE58-DAC4819645EB}.Debug|x64.ActiveCfg = Debug|Any CPU
		{7973455D-54F1-4294-AE58-DAC4819645EB}.Debug|x64.Build.0 = Debug|Any CPU
		{7973455D-54F1-4294-AE58-DAC4819645EB}.Debug|x86.ActiveCfg = Debug|Any CPU
		{7973455D-54F1-4294-AE58-DAC4819645EB}.Debug|x86.Build.0 = Debug|Any CPU
		{7973455D-54F1-4294-AE58-DAC4819645EB}.Release|Any CPU.ActiveCfg = Release|Any CPU
		{7973455D-54F1-4294-AE58-DAC4819645EB}.Release|Any CPU.Build.0 = Release|Any CPU
		{7973455D-54F1-4294-AE58-DAC4819645EB}.Release|x64.ActiveCfg = Release|Any CPU
		{7973455D-54F1-4294-AE58-DAC4819645EB}.Release|x64.Build.0 = Release|Any CPU
		{7973455D-54F1-4294-AE58-DAC4819645EB}.Release|x86.ActiveCfg = Release|Any CPU
		{7973455D-54F1-4294-AE58-DAC4819645EB}.Release|x86.Build.0 = Release|Any CPU
		{F3158201-8211-4073-830E-EF18E49A3F2F}.Debug|Any CPU.ActiveCfg = Debug|Any CPU
		{F3158201-8211-4073-830E-EF18E49A3F2F}.Debug|Any CPU.Build.0 = Debug|Any CPU
		{F3158201-8211-4073-830E-EF18E49A3F2F}.Debug|x64.ActiveCfg = Debug|Any CPU
		{F3158201-8211-4073-830E-EF18E49A3F2F}.Debug|x64.Build.0 = Debug|Any CPU
		{F3158201-8211-4073-830E-EF18E49A3F2F}.Debug|x86.ActiveCfg = Debug|Any CPU
		{F3158201-8211-4073-830E-EF18E49A3F2F}.Debug|x86.Build.0 = Debug|Any CPU
		{F3158201-8211-4073-830E-EF18E49A3F2F}.Release|Any CPU.ActiveCfg = Release|Any CPU
		{F3158201-8211-4073-830E-EF18E49A3F2F}.Release|Any CPU.Build.0 = Release|Any CPU
		{F3158201-8211-4073-830E-EF18E49A3F2F}.Release|x64.ActiveCfg = Release|Any CPU
		{F3158201-8211-4073-830E-EF18E49A3F2F}.Release|x64.Build.0 = Release|Any CPU
		{F3158201-8211-4073-830E-EF18E49A3F2F}.Release|x86.ActiveCfg = Release|Any CPU
		{F3158201-8211-4073-830E-EF18E49A3F2F}.Release|x86.Build.0 = Release|Any CPU
		{11B15ED4-C6DC-4587-9EE7-17FE2CD8F78D}.Debug|Any CPU.ActiveCfg = Debug|Any CPU
		{11B15ED4-C6DC-4587-9EE7-17FE2CD8F78D}.Debug|Any CPU.Build.0 = Debug|Any CPU
		{11B15ED4-C6DC-4587-9EE7-17FE2CD8F78D}.Debug|x64.ActiveCfg = Debug|Any CPU
		{11B15ED4-C6DC-4587-9EE7-17FE2CD8F78D}.Debug|x64.Build.0 = Debug|Any CPU
		{11B15ED4-C6DC-4587-9EE7-17FE2CD8F78D}.Debug|x86.ActiveCfg = Debug|Any CPU
		{11B15ED4-C6DC-4587-9EE7-17FE2CD8F78D}.Debug|x86.Build.0 = Debug|Any CPU
		{11B15ED4-C6DC-4587-9EE7-17FE2CD8F78D}.Release|Any CPU.ActiveCfg = Release|Any CPU
		{11B15ED4-C6DC-4587-9EE7-17FE2CD8F78D}.Release|Any CPU.Build.0 = Release|Any CPU
		{11B15ED4-C6DC-4587-9EE7-17FE2CD8F78D}.Release|x64.ActiveCfg = Release|Any CPU
		{11B15ED4-C6DC-4587-9EE7-17FE2CD8F78D}.Release|x64.Build.0 = Release|Any CPU
		{11B15ED4-C6DC-4587-9EE7-17FE2CD8F78D}.Release|x86.ActiveCfg = Release|Any CPU
		{11B15ED4-C6DC-4587-9EE7-17FE2CD8F78D}.Release|x86.Build.0 = Release|Any CPU
		{D49311A7-44A6-4797-BE9B-7E7DE3B2E96F}.Debug|Any CPU.ActiveCfg = Debug|Any CPU
		{D49311A7-44A6-4797-BE9B-7E7DE3B2E96F}.Debug|Any CPU.Build.0 = Debug|Any CPU
		{D49311A7-44A6-4797-BE9B-7E7DE3B2E96F}.Debug|x64.ActiveCfg = Debug|Any CPU
		{D49311A7-44A6-4797-BE9B-7E7DE3B2E96F}.Debug|x64.Build.0 = Debug|Any CPU
		{D49311A7-44A6-4797-BE9B-7E7DE3B2E96F}.Debug|x86.ActiveCfg = Debug|Any CPU
		{D49311A7-44A6-4797-BE9B-7E7DE3B2E96F}.Debug|x86.Build.0 = Debug|Any CPU
		{D49311A7-44A6-4797-BE9B-7E7DE3B2E96F}.Release|Any CPU.ActiveCfg = Release|Any CPU
		{D49311A7-44A6-4797-BE9B-7E7DE3B2E96F}.Release|Any CPU.Build.0 = Release|Any CPU
		{D49311A7-44A6-4797-BE9B-7E7DE3B2E96F}.Release|x64.ActiveCfg = Release|Any CPU
		{D49311A7-44A6-4797-BE9B-7E7DE3B2E96F}.Release|x64.Build.0 = Release|Any CPU
		{D49311A7-44A6-4797-BE9B-7E7DE3B2E96F}.Release|x86.ActiveCfg = Release|Any CPU
		{D49311A7-44A6-4797-BE9B-7E7DE3B2E96F}.Release|x86.Build.0 = Release|Any CPU
	EndGlobalSection
	GlobalSection(SolutionProperties) = preSolution
		HideSolutionNode = FALSE
	EndGlobalSection
	GlobalSection(NestedProjects) = preSolution
		{F6F3B38B-7C28-4D84-A07F-35FF18125E24} = {827E0CD3-B72D-47B6-A68D-7590B98EB39B}
		{128A4264-EEEF-4D43-A13D-4F32F77EFB11} = {827E0CD3-B72D-47B6-A68D-7590B98EB39B}
		{A26CBE35-6070-45F5-AEC1-4F5B7904C6A2} = {827E0CD3-B72D-47B6-A68D-7590B98EB39B}
		{303D92E2-FF6F-4C85-BF2B-15E8A2AA7367} = {827E0CD3-B72D-47B6-A68D-7590B98EB39B}
		{870FD790-C0C9-4A66-B997-D37A9C040AA6} = {827E0CD3-B72D-47B6-A68D-7590B98EB39B}
		{0B764009-569A-448E-A529-A28FDAAA5A9F} = {0AB3BF05-4346-4AA6-1389-037BE0695223}
		{EB4B6F20-F798-4450-BDDD-A2B3C0CFE8B4} = {0AB3BF05-4346-4AA6-1389-037BE0695223}
		{7973455D-54F1-4294-AE58-DAC4819645EB} = {0AB3BF05-4346-4AA6-1389-037BE0695223}
		{F3158201-8211-4073-830E-EF18E49A3F2F} = {0AB3BF05-4346-4AA6-1389-037BE0695223}
		{11B15ED4-C6DC-4587-9EE7-17FE2CD8F78D} = {0AB3BF05-4346-4AA6-1389-037BE0695223}
		{D49311A7-44A6-4797-BE9B-7E7DE3B2E96F} = {0AB3BF05-4346-4AA6-1389-037BE0695223}
	EndGlobalSection
	GlobalSection(ExtensibilityGlobals) = postSolution
		SolutionGuid = {754ABF5E-651C-4013-8188-A8197B8A44DF}
	EndGlobalSection
EndGlobal
